<?xml version="1.0" encoding="utf-8"?>
<Project ToolsVersion="4.0" xmlns="http://schemas.microsoft.com/developer/msbuild/2003">
  <ItemGroup>
    <Filter Include="Archivos de origen">
      <UniqueIdentifier>{4FC737F1-C7A5-4376-A066-2A32D752A2FF}</UniqueIdentifier>
      <Extensions>cpp;c;cc;cxx;c++;cppm;ixx;def;odl;idl;hpj;bat;asm;asmx</Extensions>
    </Filter>
    <Filter Include="Archivos de encabezado">
      <UniqueIdentifier>{93995380-89BD-4b04-88EB-625FBE52EBFB}</UniqueIdentifier>
      <Extensions>h;hh;hpp;hxx;h++;hm;inl;inc;ipp;xsd</Extensions>
    </Filter>
    <Filter Include="Archivos de recursos">
      <UniqueIdentifier>{67DA6AB6-F800-4c08-8B7A-83BB121AAD01}</UniqueIdentifier>
      <Extensions>rc;ico;cur;bmp;dlg;rc2;rct;bin;rgs;gif;jpg;jpeg;jpe;resx;tiff;tif;png;wav;mfcribbon-ms</Extensions>
    </Filter>
  </ItemGroup>
  <ItemGroup>
    <ClCompile Include="RocketTrainer\CGApplication.cpp">
      <Filter>Archivos de origen</Filter>
    </ClCompile>
    <ClCompile Include="RocketTrainer\CGFigure.cpp">
      <Filter>Archivos de origen</Filter>
    </ClCompile>
    <ClCompile Include="RocketTrainer\CGFog.cpp">
      <Filter>Archivos de origen</Filter>
    </ClCompile>
    <ClCompile Include="RocketTrainer\CGGround.cpp">
      <Filter>Archivos de origen</Filter>
    </ClCompile>
    <ClCompile Include="RocketTrainer\CGLight.cpp">
      <Filter>Archivos de origen</Filter>
    </ClCompile>
    <ClCompile Include="RocketTrainer\CGMaterial.cpp">
      <Filter>Archivos de origen</Filter>
    </ClCompile>
    <ClCompile Include="RocketTrainer\CGModel.cpp">
      <Filter>Archivos de origen</Filter>
    </ClCompile>
    <ClCompile Include="RocketTrainer\CGScene.cpp">
      <Filter>Archivos de origen</Filter>
    </ClCompile>
    <ClCompile Include="RocketTrainer\CGShaderProgram.cpp">
      <Filter>Archivos de origen</Filter>
    </ClCompile>
    <ClCompile Include="RocketTrainer\CGSkybox.cpp">
      <Filter>Archivos de origen</Filter>
    </ClCompile>
    <ClCompile Include="RocketTrainer\CGSphere.cpp">
      <Filter>Archivos de origen</Filter>
    </ClCompile>
    <ClCompile Include="RocketTrainer\main.cpp">
      <Filter>Archivos de origen</Filter>
    </ClCompile>
    <ClCompile Include="RocketTrainer\Porteria.cpp">
      <Filter>Archivos de origen</Filter>
    </ClCompile>
    <ClCompile Include="RocketTrainer\Pared.cpp">
      <Filter>Archivos de origen</Filter>
    </ClCompile>
    <ClCompile Include="RocketTrainer\CGObject.cpp">
      <Filter>Archivos de origen</Filter>
    </ClCompile>
    <ClCompile Include="RocketTrainer\CGSlotCar.cpp">
      <Filter>Archivos de origen</Filter>
    </ClCompile>
    <ClCompile Include="RocketTrainer\CGSlotCar_pieces.cpp">
      <Filter>Archivos de origen</Filter>
    </ClCompile>
    <ClCompile Include="RocketTrainer\ParedFrontal.cpp">
      <Filter>Archivos de origen</Filter>
    </ClCompile>
  </ItemGroup>
  <ItemGroup>
    <ClInclude Include="RocketTrainer\CGApplication.h">
      <Filter>Archivos de encabezado</Filter>
    </ClInclude>
    <ClInclude Include="RocketTrainer\CGFigure.h">
      <Filter>Archivos de encabezado</Filter>
    </ClInclude>
    <ClInclude Include="RocketTrainer\CGFog.h">
      <Filter>Archivos de encabezado</Filter>
    </ClInclude>
    <ClInclude Include="RocketTrainer\CGGround.h">
      <Filter>Archivos de encabezado</Filter>
    </ClInclude>
    <ClInclude Include="RocketTrainer\CGLight.h">
      <Filter>Archivos de encabezado</Filter>
    </ClInclude>
    <ClInclude Include="RocketTrainer\CGMaterial.h">
      <Filter>Archivos de encabezado</Filter>
    </ClInclude>
    <ClInclude Include="RocketTrainer\CGModel.h">
      <Filter>Archivos de encabezado</Filter>
    </ClInclude>
    <ClInclude Include="RocketTrainer\CGScene.h">
      <Filter>Archivos de encabezado</Filter>
    </ClInclude>
    <ClInclude Include="RocketTrainer\CGShaderProgram.h">
      <Filter>Archivos de encabezado</Filter>
    </ClInclude>
    <ClInclude Include="RocketTrainer\CGSkybox.h">
      <Filter>Archivos de encabezado</Filter>
    </ClInclude>
    <ClInclude Include="RocketTrainer\CGSphere.h">
      <Filter>Archivos de encabezado</Filter>
    </ClInclude>
    <ClInclude Include="resource.h">
      <Filter>Archivos de encabezado</Filter>
    </ClInclude>
    <ClInclude Include="RocketTrainer\Porteria.h">
      <Filter>Archivos de encabezado</Filter>
    </ClInclude>
    <ClInclude Include="RocketTrainer\Pared.h">
      <Filter>Archivos de encabezado</Filter>
    </ClInclude>
    <ClInclude Include="RocketTrainer\CGObject.h">
      <Filter>Archivos de encabezado</Filter>
    </ClInclude>
    <ClInclude Include="RocketTrainer\CGSlotCar.h">
      <Filter>Archivos de encabezado</Filter>
    </ClInclude>
    <ClInclude Include="RocketTrainer\CGSlotCar_pieces.h">
      <Filter>Archivos de encabezado</Filter>
    </ClInclude>
    <ClInclude Include="RocketTrainer\ParedFrontal.h">
      <Filter>Archivos de encabezado</Filter>
    </ClInclude>
  </ItemGroup>
  <ItemGroup>
    <ResourceCompile Include="RocketTrainer.rc">
      <Filter>Archivos de recursos</Filter>
    </ResourceCompile>
  </ItemGroup>
  <ItemGroup>
    <None Include="VertexShader.htm" />
    <None Include="FragmentShader.htm" />
  </ItemGroup>
</Project>